// !$*UTF8*$!
{
	archiveVersion = 1;
	classes = {
	};
	objectVersion = 46;
	objects = {

/* Begin PBXBuildFile section */
		DADA41251DB680C3005DA7FF /* AppDelegate.swift in Sources */ = {isa = PBXBuildFile; fileRef = DADA41241DB680C3005DA7FF /* AppDelegate.swift */; };
		DADA41271DB680C3005DA7FF /* ViewController.swift in Sources */ = {isa = PBXBuildFile; fileRef = DADA41261DB680C3005DA7FF /* ViewController.swift */; };
		DADA412A1DB680C3005DA7FF /* Main.storyboard in Resources */ = {isa = PBXBuildFile; fileRef = DADA41281DB680C3005DA7FF /* Main.storyboard */; };
		DADA412C1DB680C3005DA7FF /* Assets.xcassets in Resources */ = {isa = PBXBuildFile; fileRef = DADA412B1DB680C3005DA7FF /* Assets.xcassets */; };
		DADA412F1DB680C3005DA7FF /* LaunchScreen.storyboard in Resources */ = {isa = PBXBuildFile; fileRef = DADA412D1DB680C3005DA7FF /* LaunchScreen.storyboard */; };
/* End PBXBuildFile section */

/* Begin PBXFileReference section */
		DADA41211DB680C3005DA7FF /* GithubRepo.app */ = {isa = PBXFileReference; explicitFileType = wrapper.application; includeInIndex = 0; path = GithubRepo.app; sourceTree = BUILT_PRODUCTS_DIR; };
		DADA41241DB680C3005DA7FF /* AppDelegate.swift */ = {isa = PBXFileReference; lastKnownFileType = sourcecode.swift; path = AppDelegate.swift; sourceTree = "<group>"; };
		DADA41261DB680C3005DA7FF /* ViewController.swift */ = {isa = PBXFileReference; lastKnownFileType = sourcecode.swift; path = ViewController.swift; sourceTree = "<group>"; };
		DADA41291DB680C3005DA7FF /* Base */ = {isa = PBXFileReference; lastKnownFileType = file.storyboard; name = Base; path = Base.lproj/Main.storyboard; sourceTree = "<group>"; };
		DADA412B1DB680C3005DA7FF /* Assets.xcassets */ = {isa = PBXFileReference; lastKnownFileType = folder.assetcatalog; path = Assets.xcassets; sourceTree = "<group>"; };
		DADA412E1DB680C3005DA7FF /* Base */ = {isa = PBXFileReference; lastKnownFileType = file.storyboard; name = Base; path = Base.lproj/LaunchScreen.storyboard; sourceTree = "<group>"; };
		DADA41301DB680C3005DA7FF /* Info.plist */ = {isa = PBXFileReference; lastKnownFileType = text.plist.xml; path = Info.plist; sourceTree = "<group>"; };
/* End PBXFileReference section */

/* Begin PBXFrameworksBuildPhase section */
		DADA411E1DB680C3005DA7FF /* Frameworks */ = {
			isa = PBXFrameworksBuildPhase;
			buildActionMask = 2147483647;
			files = (
			);
			runOnlyForDeploymentPostprocessing = 0;
		};
/* End PBXFrameworksBuildPhase section */

/* Begin PBXGroup section */
		DADA41181DB680C3005DA7FF = {
			isa = PBXGroup;
			children = (
				DADA41231DB680C3005DA7FF /* GithubRepo */,
				DADA41221DB680C3005DA7FF /* Products */,
			);
			sourceTree = "<group>";
		};
		DADA41221DB680C3005DA7FF /* Products */ = {
			isa = PBXGroup;
			children = (
				DADA41211DB680C3005DA7FF /* GithubRepo.app */,
			);
			name = Products;
			sourceTree = "<group>";
		};
		DADA41231DB680C3005DA7FF /* GithubRepo */ = {
			isa = PBXGroup;
			children = (
				DADA41241DB680C3005DA7FF /* AppDelegate.swift */,
				DADA41261DB680C3005DA7FF /* ViewController.swift */,
				DADA41281DB680C3005DA7FF /* Main.storyboard */,
				DADA412B1DB680C3005DA7FF /* Assets.xcassets */,
				DADA412D1DB680C3005DA7FF /* LaunchScreen.storyboard */,
				DADA41301DB680C3005DA7FF /* Info.plist */,
			);
			path = GithubRepo;
			sourceTree = "<group>";
		};
/* End PBXGroup section */

/* Begin PBXNativeTarget section */
		DADA41201DB680C3005DA7FF /* GithubRepo */ = {
			isa = PBXNativeTarget;
			buildConfigurationList = DADA41331DB680C3005DA7FF /* Build configuration list for PBXNativeTarget "GithubRepo" */;
			buildPhases = (
				DADA411D1DB680C3005DA7FF /* Sources */,
				DADA411E1DB680C3005DA7FF /* Frameworks */,
				DADA411F1DB680C3005DA7FF /* Resources */,
			);
			buildRules = (
			);
			dependencies = (
			);
			name = GithubRepo;
			productName = GithubRepo;
			productReference = DADA41211DB680C3005DA7FF /* GithubRepo.app */;
			productType = "com.apple.product-type.application";
		};
/* End PBXNativeTarget section */

/* Begin PBXProject section */
		DADA41191DB680C3005DA7FF /* Project object */ = {
			isa = PBXProject;
			attributes = {
				LastSwiftUpdateCheck = 0800;
				LastUpgradeCheck = 0800;
				ORGANIZATIONNAME = "Thorsten Boldin";
				TargetAttributes = {
					DADA41201DB680C3005DA7FF = {
						CreatedOnToolsVersion = 8.0;
						DevelopmentTeam = X88QN6EGG9;
						ProvisioningStyle = Automatic;
					};
				};
			};
			buildConfigurationList = DADA411C1DB680C3005DA7FF /* Build configuration list for PBXProject "GithubRepo" */;
			compatibilityVersion = "Xcode 3.2";
			developmentRegion = English;
			hasScannedForEncodings = 0;
			knownRegions = (
				en,
				Base,
			);
			mainGroup = DADA41181DB680C3005DA7FF;
			productRefGroup = DADA41221DB680C3005DA7FF /* Products */;
			projectDirPath = "";
			projectRoot = "";
			targets = (
				DADA41201DB680C3005DA7FF /* GithubRepo */,
			);
		};
/* End PBXProject section */

/* Begin PBXResourcesBuildPhase section */
		DADA411F1DB680C3005DA7FF /* Resources */ = {
			isa = PBXResourcesBuildPhase;
			buildActionMask = 2147483647;
			files = (
				DADA412F1DB680C3005DA7FF /* LaunchScreen.storyboard in Resources */,
				DADA412C1DB680C3005DA7FF /* Assets.xcassets in Resources */,
				DADA412A1DB680C3005DA7FF /* Main.storyboard in Resources */,
			);
			runOnlyForDeploymentPostprocessing = 0;
		};
/* End PBXResourcesBuildPhase section */

/* Begin PBXSourcesBuildPhase section */
		DADA411D1DB680C3005DA7FF /* Sources */ = {
			isa = PBXSourcesBuildPhase;
			buildActionMask = 2147483647;
			files = (
				DADA41271DB680C3005DA7FF /* ViewController.swift in Sources */,
				DADA41251DB680C3005DA7FF /* AppDelegate.swift in Sources */,
			);
			runOnlyForDeploymentPostprocessing = 0;
		};
/* End PBXSourcesBuildPhase section */

/* Begin PBXVariantGroup section */
		DADA41281DB680C3005DA7FF /* Main.storyboard */ = {
			isa = PBXVariantGroup;
			children = (
				DADA41291DB680C3005DA7FF /* Base */,
			);
			name = Main.storyboard;
			sourceTree = "<group>";
		};
		DADA412D1DB680C3005DA7FF /* LaunchScreen.storyboard */ = {
			isa = PBXVariantGroup;
			children = (
				DADA412E1DB680C3005DA7FF /* Base */,
			);
			name = LaunchScreen.storyboard;
			sourceTree = "<group>";
		};
/* End PBXVariantGroup section */

/* Begin XCBuildConfiguration section */
		DADA41311DB680C3005DA7FF /* Debug */ = {
			isa = XCBuildConfiguration;
			buildSettings = {
				ALWAYS_SEARCH_USER_PATHS = NO;
				CLANG_ANALYZER_NONNULL = YES;
				CLANG_CXX_LANGUAGE_STANDARD = "gnu++0x";
				CLANG_CXX_LIBRARY = "libc++";
				CLANG_ENABLE_MODULES = YES;
				CLANG_ENABLE_OBJC_ARC = YES;
				CLANG_WARN_BOOL_CONVERSION = YES;
				CLANG_WARN_CONSTANT_CONVERSION = YES;
				CLANG_WARN_DIRECT_OBJC_ISA_USAGE = YES_ERROR;
				CLANG_WARN_DOCUMENTATION_COMMENTS = YES;
				CLANG_WARN_EMPTY_BODY = YES;
				CLANG_WARN_ENUM_CONVERSION = YES;
				CLANG_WARN_INFINITE_RECURSION = YES;
				CLANG_WARN_INT_CONVERSION = YES;
				CLANG_WARN_OBJC_ROOT_CLASS = YES_ERROR;
				CLANG_WARN_SUSPICIOUS_MOVES = YES;
				CLANG_WARN_UNREACHABLE_CODE = YES;
				CLANG_WARN__DUPLICATE_METHOD_MATCH = YES;
				"CODE_SIGN_IDENTITY[sdk=iphoneos*]" = "iPhone Developer";
				COPY_PHASE_STRIP = NO;
				DEBUG_INFORMATION_FORMAT = dwarf;
				ENABLE_STRICT_OBJC_MSGSEND = YES;
				ENABLE_TESTABILITY = YES;
				GCC_C_LANGUAGE_STANDARD = gnu99;
				GCC_DYNAMIC_NO_PIC = NO;
				GCC_NO_COMMON_BLOCKS = YES;
				GCC_OPTIMIZATION_LEVEL = 0;
				GCC_PREPROCESSOR_DEFINITIONS = (
					"DEBUG=1",
					"$(inherited)",
				);
				GCC_WARN_64_TO_32_BIT_CONVERSION = YES;
				GCC_WARN_ABOUT_RETURN_TYPE = YES_ERROR;
				GCC_WARN_UNDECLARED_SELECTOR = YES;
				GCC_WARN_UNINITIALIZED_AUTOS = YES_AGGRESSIVE;
				GCC_WARN_UNUSED_FUNCTION = YES;
				GCC_WARN_UNUSED_VARIABLE = YES;
				IPHONEOS_DEPLOYMENT_TARGET = 10.0;
				MTL_ENABLE_DEBUG_INFO = YES;
				ONLY_ACTIVE_ARCH = YES;
				SDKROOT = iphoneos;
				SWIFT_ACTIVE_COMPILATION_CONDITIONS = DEBUG;
				SWIFT_OPTIMIZATION_LEVEL = "-Onone";
			};
			name = Debug;
		};
		DADA41321DB680C3005DA7FF /* Release */ = {
			isa = XCBuildConfiguration;
			buildSettings = {
				ALWAYS_SEARCH_USER_PATHS = NO;
				CLANG_ANALYZER_NONNULL = YES;
				CLANG_CXX_LANGUAGE_STANDARD = "gnu++0x";
				CLANG_CXX_LIBRARY = "libc++";
				CLANG_ENABLE_MODULES = YES;
				CLANG_ENABLE_OBJC_ARC = YES;
				CLANG_WARN_BOOL_CONVERSION = YES;
				CLANG_WARN_CONSTANT_CONVERSION = YES;
				CLANG_WARN_DIRECT_OBJC_ISA_USAGE = YES_ERROR;
				CLANG_WARN_DOCUMENTATION_COMMENTS = YES;
				CLANG_WARN_EMPTY_BODY = YES;
				CLANG_WARN_ENUM_CONVERSION = YES;
				CLANG_WARN_INFINITE_RECURSION = YES;
				CLANG_WARN_INT_CONVERSION = YES;
				CLANG_WARN_OBJC_ROOT_CLASS = YES_ERROR;
				CLANG_WARN_SUSPICIOUS_MOVES = YES;
				CLANG_WARN_UNREACHABLE_CODE = YES;
				CLANG_WARN__DUPLICATE_METHOD_MATCH = YES;
				"CODE_SIGN_IDENTITY[sdk=iphoneos*]" = "iPhone Developer";
				COPY_PHASE_STRIP = NO;
				DEBUG_INFORMATION_FORMAT = "dwarf-with-dsym";
				ENABLE_NS_ASSERTIONS = NO;
				ENABLE_STRICT_OBJC_MSGSEND = YES;
				GCC_C_LANGUAGE_STANDARD = gnu99;
				GCC_NO_COMMON_BLOCKS = YES;
				GCC_WARN_64_TO_32_BIT_CONVERSION = YES;
				GCC_WARN_ABOUT_RETURN_TYPE = YES_ERROR;
				GCC_WARN_UNDECLARED_SELECTOR = YES;
				GCC_WARN_UNINITIALIZED_AUTOS = YES_AGGRESSIVE;
				GCC_WARN_UNUSED_FUNCTION = YES;
				GCC_WARN_UNUSED_VARIABLE = YES;
				IPHONEOS_DEPLOYMENT_TARGET = 10.0;
				MTL_ENABLE_DEBUG_INFO = NO;
				SDKROOT = iphoneos;
				SWIFT_OPTIMIZATION_LEVEL = "-Owholemodule";
				VALIDATE_PRODUCT = YES;
			};
			name = Release;
		};
		DADA41341DB680C3005DA7FF /* Debug */ = {
			isa = XCBuildConfiguration;
			buildSettings = {
				ASSETCATALOG_COMPILER_APPICON_NAME = AppIcon;
				DEVELOPMENT_TEAM = X88QN6EGG9;
				INFOPLIST_FILE = GithubRepo/Info.plist;
				LD_RUNPATH_SEARCH_PATHS = "$(inherited) @executable_path/Frameworks";
				PRODUCT_BUNDLE_IDENTIFIER = "de.uvb-data.GithubRepo";
				PRODUCT_NAME = "$(TARGET_NAME)";
				SWIFT_VERSION = 3.0;
			};
			name = Debug;
		};
		DADA41351DB680C3005DA7FF /* Release */ = {
			isa = XCBuildConfiguration;
			buildSettings = {
				ASSETCATALOG_COMPILER_APPICON_NAME = AppIcon;
				DEVELOPMENT_TEAM = X88QN6EGG9;
				INFOPLIST_FILE = GithubRepo/Info.plist;
				LD_RUNPATH_SEARCH_PATHS = "$(inherited) @executable_path/Frameworks";
				PRODUCT_BUNDLE_IDENTIFIER = "de.uvb-data.GithubRepo";
				PRODUCT_NAME = "$(TARGET_NAME)";
				SWIFT_VERSION = 3.0;
			};
			name = Release;
		};
/* End XCBuildConfiguration section */

/* Begin XCConfigurationList section */
		DADA411C1DB680C3005DA7FF /* Build configuration list for PBXProject "GithubRepo" */ = {
			isa = XCConfigurationList;
			buildConfigurations = (
				DADA41311DB680C3005DA7FF /* Debug */,
				DADA41321DB680C3005DA7FF /* Release */,
			);
			defaultConfigurationIsVisible = 0;
			defaultConfigurationName = Release;
		};
		DADA41331DB680C3005DA7FF /* Build configuration list for PBXNativeTarget "GithubRepo" */ = {
			isa = XCConfigurationList;
			buildConfigurations = (
				DADA41341DB680C3005DA7FF /* Debug */,
				DADA41351DB680C3005DA7FF /* Release */,
			);
			defaultConfigurationIsVisible = 0;
		};
/* End XCConfigurationList section */
	};
	rootObject = DADA41191DB680C3005DA7FF /* Project object */;
}
